
Microsoft Visual Studio Solution File, Format Version 12.00
# Visual Studio Version 17
VisualStudioVersion = 17.6.33723.286
MinimumVisualStudioVersion = 10.0.40219.1
Project("{8BC9CEB8-8B4A-11D0-8D11-00A0C91BC942}") = "13.06(5)", "13.06(5)\13.06(5).vcxproj", "{568A82F5-33C7-48CD-AE07-8A3D63DCF405}"
EndProject
Global
	GlobalSection(SolutionConfigurationPlatforms) = preSolution
		Debug|x64 = Debug|x64
		Debug|x86 = Debug|x86
		Release|x64 = Release|x64
		Release|x86 = Release|x86
	EndGlobalSection
	GlobalSection(ProjectConfigurationPlatforms) = postSolution
		{568A82F5-33C7-48CD-AE07-8A3D63DCF405}.Debug|x64.ActiveCfg = Debug|x64
		{568A82F5-33C7-48CD-AE07-8A3D63DCF405}.Debug|x64.Build.0 = Debug|x64
		{568A82F5-33C7-48CD-AE07-8A3D63DCF405}.Debug|x86.ActiveCfg = Debug|Win32
		{568A82F5-33C7-48CD-AE07-8A3D63DCF405}.Debug|x86.Build.0 = Debug|Win32
		{568A82F5-33C7-48CD-AE07-8A3D63DCF405}.Release|x64.ActiveCfg = Release|x64
		{568A82F5-33C7-48CD-AE07-8A3D63DCF405}.Release|x64.Build.0 = Release|x64
		{568A82F5-33C7-48CD-AE07-8A3D63DCF405}.Release|x86.ActiveCfg = Release|Win32
		{568A82F5-33C7-48CD-AE07-8A3D63DCF405}.Release|x86.Build.0 = Release|Win32
	EndGlobalSection
	GlobalSection(SolutionProperties) = preSolution
		HideSolutionNode = FALSE
	EndGlobalSection
	GlobalSection(ExtensibilityGlobals) = postSolution
		SolutionGuid = {4F16C3D4-EB54-4311-82E6-8815A351DA61}
	EndGlobalSection
EndGlobal
